
Microsoft Visual Studio Solution File, Format Version 12.00
# Visual Studio Version 17
VisualStudioVersion = 17.10.35013.160
MinimumVisualStudioVersion = 10.0.40219.1
Project("{9A19103F-16F7-4668-BE54-9A1E7A4F7556}") = "PresentMonFps", "PresentMonFps.csproj", "{0F496FE9-0843-43DE-8AD0-1E91B7BB57D3}"
EndProject
Project("{9A19103F-16F7-4668-BE54-9A1E7A4F7556}") = "PresentMon.SampleConsole", "..\demo\PresentMon.SampleConsole\PresentMon.SampleConsole.csproj", "{72602ABD-45F0-4DDD-B3CD-A629074720EB}"
EndProject
Project("{2150E333-8FDC-42A3-9474-1A3956D46DE8}") = "Samples", "Samples", "{61D4DDE9-AA53-468D-BA4E-F9421735E044}"
EndProject
Project("{8BC9CEB8-8B4A-11D0-8D11-00A0C91BC942}") = "PresentData", "..\src\PresentData\PresentData.vcxproj", "{892028E5-32F6-45FC-8AB2-90FCBCAC4BF6}"
EndProject
Project("{8BC9CEB8-8B4A-11D0-8D11-00A0C91BC942}") = "PresentMon", "..\src\PresentMon\PresentMon.vcxproj", "{4A2EC8CB-51EE-4489-8E57-C1BC02AF29E6}"
EndProject
Global
	GlobalSection(SolutionConfigurationPlatforms) = preSolution
		Debug|x64 = Debug|x64
		Release|x64 = Release|x64
	EndGlobalSection
	GlobalSection(ProjectConfigurationPlatforms) = postSolution
		{0F496FE9-0843-43DE-8AD0-1E91B7BB57D3}.Debug|x64.ActiveCfg = Debug|x64
		{0F496FE9-0843-43DE-8AD0-1E91B7BB57D3}.Debug|x64.Build.0 = Debug|x64
		{0F496FE9-0843-43DE-8AD0-1E91B7BB57D3}.Release|x64.ActiveCfg = Release|x64
		{0F496FE9-0843-43DE-8AD0-1E91B7BB57D3}.Release|x64.Build.0 = Release|x64
		{72602ABD-45F0-4DDD-B3CD-A629074720EB}.Debug|x64.ActiveCfg = Debug|x64
		{72602ABD-45F0-4DDD-B3CD-A629074720EB}.Debug|x64.Build.0 = Debug|x64
		{72602ABD-45F0-4DDD-B3CD-A629074720EB}.Release|x64.ActiveCfg = Release|x64
		{72602ABD-45F0-4DDD-B3CD-A629074720EB}.Release|x64.Build.0 = Release|x64
		{892028E5-32F6-45FC-8AB2-90FCBCAC4BF6}.Debug|x64.ActiveCfg = Debug|x64
		{892028E5-32F6-45FC-8AB2-90FCBCAC4BF6}.Debug|x64.Build.0 = Debug|x64
		{892028E5-32F6-45FC-8AB2-90FCBCAC4BF6}.Release|x64.ActiveCfg = Release|x64
		{892028E5-32F6-45FC-8AB2-90FCBCAC4BF6}.Release|x64.Build.0 = Release|x64
		{4A2EC8CB-51EE-4489-8E57-C1BC02AF29E6}.Debug|x64.ActiveCfg = Debug|x64
		{4A2EC8CB-51EE-4489-8E57-C1BC02AF29E6}.Debug|x64.Build.0 = Debug|x64
		{4A2EC8CB-51EE-4489-8E57-C1BC02AF29E6}.Release|x64.ActiveCfg = Release|x64
		{4A2EC8CB-51EE-4489-8E57-C1BC02AF29E6}.Release|x64.Build.0 = Release|x64
	EndGlobalSection
	GlobalSection(SolutionProperties) = preSolution
		HideSolutionNode = FALSE
	EndGlobalSection
	GlobalSection(NestedProjects) = preSolution
		{72602ABD-45F0-4DDD-B3CD-A629074720EB} = {61D4DDE9-AA53-468D-BA4E-F9421735E044}
	EndGlobalSection
	GlobalSection(ExtensibilityGlobals) = postSolution
		SolutionGuid = {6F67CF52-881A-4AC3-B901-666B9E63AA5D}
	EndGlobalSection
EndGlobal
