
Microsoft Visual Studio Solution File, Format Version 12.00
# Visual Studio Version 17
VisualStudioVersion = 17.10.35013.160
MinimumVisualStudioVersion = 10.0.40219.1
Project("{9A19103F-16F7-4668-BE54-9A1E7A4F7556}") = "PresentMonFps", "PresentMonFps.csproj", "{0F496FE9-0843-43DE-8AD0-1E91B7BB57D3}"
EndProject
Project("{9A19103F-16F7-4668-BE54-9A1E7A4F7556}") = "PresentMon.SampleConsole", "..\demo\PresentMon.SampleConsole\PresentMon.SampleConsole.csproj", "{72602ABD-45F0-4DDD-B3CD-A629074720EB}"
EndProject
Global
	GlobalSection(SolutionConfigurationPlatforms) = preSolution
		Debug|Any CPU = Debug|Any CPU
		Release|Any CPU = Release|Any CPU
	EndGlobalSection
	GlobalSection(ProjectConfigurationPlatforms) = postSolution
		{0F496FE9-0843-43DE-8AD0-1E91B7BB57D3}.Debug|Any CPU.ActiveCfg = Debug|Any CPU
		{0F496FE9-0843-43DE-8AD0-1E91B7BB57D3}.Debug|Any CPU.Build.0 = Debug|Any CPU
		{0F496FE9-0843-43DE-8AD0-1E91B7BB57D3}.Release|Any CPU.ActiveCfg = Release|Any CPU
		{0F496FE9-0843-43DE-8AD0-1E91B7BB57D3}.Release|Any CPU.Build.0 = Release|Any CPU
		{72602ABD-45F0-4DDD-B3CD-A629074720EB}.Debug|Any CPU.ActiveCfg = Debug|Any CPU
		{72602ABD-45F0-4DDD-B3CD-A629074720EB}.Debug|Any CPU.Build.0 = Debug|Any CPU
		{72602ABD-45F0-4DDD-B3CD-A629074720EB}.Release|Any CPU.ActiveCfg = Release|Any CPU
		{72602ABD-45F0-4DDD-B3CD-A629074720EB}.Release|Any CPU.Build.0 = Release|Any CPU
	EndGlobalSection
	GlobalSection(SolutionProperties) = preSolution
		HideSolutionNode = FALSE
	EndGlobalSection
	GlobalSection(ExtensibilityGlobals) = postSolution
		SolutionGuid = {6F67CF52-881A-4AC3-B901-666B9E63AA5D}
	EndGlobalSection
EndGlobal
